
Microsoft Visual Studio Solution File, Format Version 12.00
Project("{FAE04EC0-301F-11D3-BF4B-00C04F79EFBC}") = "Painter-4.0", "Painter-4.0\Painter-4.0.csproj", "{FDD3E118-8305-46C2-9E6E-03D36E4A624B}"
EndProject
Global
	GlobalSection(SolutionConfigurationPlatforms) = preSolution
		Debug|Any CPU = Debug|Any CPU
		Release|Any CPU = Release|Any CPU
	EndGlobalSection
	GlobalSection(ProjectConfigurationPlatforms) = postSolution
		{FDD3E118-8305-46C2-9E6E-03D36E4A624B}.Debug|Any CPU.ActiveCfg = Debug|Any CPU
		{FDD3E118-8305-46C2-9E6E-03D36E4A624B}.Debug|Any CPU.Build.0 = Debug|Any CPU
		{FDD3E118-8305-46C2-9E6E-03D36E4A624B}.Release|Any CPU.ActiveCfg = Release|Any CPU
		{FDD3E118-8305-46C2-9E6E-03D36E4A624B}.Release|Any CPU.Build.0 = Release|Any CPU
	EndGlobalSection
EndGlobal
